
Microsoft Visual Studio Solution File, Format Version 12.00
# Visual Studio Version 17
VisualStudioVersion = 17.7.34024.191
MinimumVisualStudioVersion = 10.0.40219.1
Project("{FAE04EC0-301F-11D3-BF4B-00C04F79EFBC}") = "IdentityManager", "IdentityManager\IdentityManager.csproj", "{1EDF9D81-BE28-420E-9EB2-82AAD6B01F18}"
EndProject
Global
	GlobalSection(SolutionConfigurationPlatforms) = preSolution
		Debug|Any CPU = Debug|Any CPU
		Release|Any CPU = Release|Any CPU
	EndGlobalSection
	GlobalSection(ProjectConfigurationPlatforms) = postSolution
		{1EDF9D81-BE28-420E-9EB2-82AAD6B01F18}.Debug|Any CPU.ActiveCfg = Debug|Any CPU
		{1EDF9D81-BE28-420E-9EB2-82AAD6B01F18}.Debug|Any CPU.Build.0 = Debug|Any CPU
		{1EDF9D81-BE28-420E-9EB2-82AAD6B01F18}.Release|Any CPU.ActiveCfg = Release|Any CPU
		{1EDF9D81-BE28-420E-9EB2-82AAD6B01F18}.Release|Any CPU.Build.0 = Release|Any CPU
	EndGlobalSection
	GlobalSection(SolutionProperties) = preSolution
		HideSolutionNode = FALSE
	EndGlobalSection
	GlobalSection(ExtensibilityGlobals) = postSolution
		SolutionGuid = {95AEDFB4-C0FE-43EE-B587-6023034F148F}
	EndGlobalSection
EndGlobal
